
Microsoft Visual Studio Solution File, Format Version 12.00
# Visual Studio Version 17
VisualStudioVersion = 17.3.32922.545
MinimumVisualStudioVersion = 10.0.40219.1
Project("{FAE04EC0-301F-11D3-BF4B-00C04F79EFBC}") = "Producer", "src\Producer\Producer.csproj", "{B11E72BB-CFBA-43D1-B340-3F578ED74873}"
EndProject
Project("{FAE04EC0-301F-11D3-BF4B-00C04F79EFBC}") = "Consumer", "src\Consumer\Consumer.csproj", "{5269625A-3627-4A89-A8BB-3236F7838613}"
EndProject
Global
	GlobalSection(SolutionConfigurationPlatforms) = preSolution
		Debug|Any CPU = Debug|Any CPU
		Release|Any CPU = Release|Any CPU
	EndGlobalSection
	GlobalSection(ProjectConfigurationPlatforms) = postSolution
		{B11E72BB-CFBA-43D1-B340-3F578ED74873}.Debug|Any CPU.ActiveCfg = Debug|Any CPU
		{B11E72BB-CFBA-43D1-B340-3F578ED74873}.Debug|Any CPU.Build.0 = Debug|Any CPU
		{B11E72BB-CFBA-43D1-B340-3F578ED74873}.Release|Any CPU.ActiveCfg = Release|Any CPU
		{B11E72BB-CFBA-43D1-B340-3F578ED74873}.Release|Any CPU.Build.0 = Release|Any CPU
		{5269625A-3627-4A89-A8BB-3236F7838613}.Debug|Any CPU.ActiveCfg = Debug|Any CPU
		{5269625A-3627-4A89-A8BB-3236F7838613}.Debug|Any CPU.Build.0 = Debug|Any CPU
		{5269625A-3627-4A89-A8BB-3236F7838613}.Release|Any CPU.ActiveCfg = Release|Any CPU
		{5269625A-3627-4A89-A8BB-3236F7838613}.Release|Any CPU.Build.0 = Release|Any CPU
	EndGlobalSection
	GlobalSection(SolutionProperties) = preSolution
		HideSolutionNode = FALSE
	EndGlobalSection
	GlobalSection(ExtensibilityGlobals) = postSolution
		SolutionGuid = {2DC2E2A6-B449-4BF6-BEF9-53CF4EFB8146}
	EndGlobalSection
EndGlobal
